
Microsoft Visual Studio Solution File, Format Version 12.00
# Visual Studio Version 17
VisualStudioVersion = 17.4.33205.214
MinimumVisualStudioVersion = 10.0.40219.1
Project("{FAE04EC0-301F-11D3-BF4B-00C04F79EFBC}") = "Exercise1", "Exercise1\Exercise1.csproj", "{C6D2FE45-FAA3-4290-97C1-78E5B873EC31}"
EndProject
Global
	GlobalSection(SolutionConfigurationPlatforms) = preSolution
		Debug|Any CPU = Debug|Any CPU
		Release|Any CPU = Release|Any CPU
	EndGlobalSection
	GlobalSection(ProjectConfigurationPlatforms) = postSolution
		{C6D2FE45-FAA3-4290-97C1-78E5B873EC31}.Debug|Any CPU.ActiveCfg = Debug|Any CPU
		{C6D2FE45-FAA3-4290-97C1-78E5B873EC31}.Debug|Any CPU.Build.0 = Debug|Any CPU
		{C6D2FE45-FAA3-4290-97C1-78E5B873EC31}.Release|Any CPU.ActiveCfg = Release|Any CPU
		{C6D2FE45-FAA3-4290-97C1-78E5B873EC31}.Release|Any CPU.Build.0 = Release|Any CPU
	EndGlobalSection
	GlobalSection(SolutionProperties) = preSolution
		HideSolutionNode = FALSE
	EndGlobalSection
	GlobalSection(ExtensibilityGlobals) = postSolution
		SolutionGuid = {180324BB-CE05-4200-9F93-8F4C59D48C93}
	EndGlobalSection
EndGlobal
